lockfileVersion: '9.0'

settings:
  autoInstallPeers: true
  excludeLinksFromLockfile: false

importers:

  .:
    dependencies:
      '@deepseek-ai/schemastery':
        specifier: 3.18.1
        version: 3.18.1
    devDependencies:
      '@deepseek-ai/cordis':
        specifier: ^4.0.1
        version: 4.0.1
      '@deepseek-ai/dsh-agent':
        specifier: 0.1.2-rc.1
        version: 0.1.2-rc.1(f5c32d5c5b5372dfd7304f3bc856ea93)
      '@deepseek-ai/dsh-bash-local':
        specifier: 0.1.2-rc.1
        version: 0.1.2-rc.1(8b17455a310a291e8487da8fd5408ce1)
      '@deepseek-ai/dsh-sandbox':
        specifier: 0.1.2-rc.1
        version: 0.1.2-rc.1(65d566360c4b02d1273c3b22f24b0977)
      '@deepseek-ai/dsh-sandbox-local':
        specifier: 0.1.2-rc.1
        version: 0.1.2-rc.1(b1c373b43d2f0cef910653359d6c28d1)
      '@deepseek-ai/dsh-sandbox-policy':
        specifier: 0.1.2-rc.1
        version: 0.1.2-rc.1(8909db948376221f7b8d231fd9f1bb6a)
      '@deepseek-ai/dsh-sandbox-windows-acl':
        specifier: 0.1.2-rc.1
        version: 0.1.2-rc.1(@deepseek-ai/cordis@4.0.1)
      '@deepseek-ai/dsh-shell':
        specifier: 0.1.2-rc.1
        version: 0.1.2-rc.1(@deepseek-ai/cordis@4.0.1)(@deepseek-ai/dsh-sandbox@0.1.2-rc.1(65d566360c4b02d1273c3b22f24b0977))(@deepseek-ai/dsh-settings@0.1.0-rc.6(@deepseek-ai/cordis@4.0.1)(@deepseek-ai/dsh-brand@0.1.2-rc.1(@deepseek-ai/cordis@4.0.1))(@deepseek-ai/dsh-invariants@0.1.0-rc.6(@deepseek-ai/cordis@4.0.1))(@deepseek-ai/schemastery@3.18.1))(@deepseek-ai/dsh-subprocess@0.1.0-rc.6(@deepseek-ai/cordis@4.0.1)(@deepseek-ai/dsh-invariants@0.1.0-rc.6(@deepseek-ai/cordis@4.0.1)))
      '@deepseek-ai/dsh-subprocess-local':
        specifier: 0.1.2-rc.1
        version: 0.1.2-rc.1(@deepseek-ai/cordis@4.0.1)(@deepseek-ai/dsh-subprocess@0.1.0-rc.6(@deepseek-ai/cordis@4.0.1)(@deepseek-ai/dsh-invariants@0.1.0-rc.6(@deepseek-ai/cordis@4.0.1)))(@deepseek-ai/dsh-timeout@0.1.0-rc.6(@deepseek-ai/cordis@4.0.1)(@deepseek-ai/dsh-invariants@0.1.0-rc.6(@deepseek-ai/cordis@4.0.1)))
      '@deepseek-ai/dsh-system-prompt':
        specifier: 0.1.2-rc.1
        version: 0.1.2-rc.1(@deepseek-ai/cordis@4.0.1)(@deepseek-ai/dsh-invariants@0.1.0-rc.6(@deepseek-ai/cordis@4.0.1))(@deepseek-ai/dsh-llm@0.1.0-rc.6(@deepseek-ai/cordis@4.0.1)(@deepseek-ai/dsh-attachment@0.1.0-rc.6(@deepseek-ai/cordis@4.0.1)(@deepseek-ai/dsh-brand@0.1.2-rc.1(@deepseek-ai/cordis@4.0.1))(@deepseek-ai/dsh-invariants@0.1.0-rc.6(@deepseek-ai/cordis@4.0.1)))(@deepseek-ai/dsh-brand@0.1.2-rc.1(@deepseek-ai/cordis@4.0.1))(@deepseek-ai/dsh-invariants@0.1.0-rc.6(@deepseek-ai/cordis@4.0.1))(@deepseek-ai/dsh-timeout@0.1.0-rc.6(@deepseek-ai/cordis@4.0.1)(@deepseek-ai/dsh-invariants@0.1.0-rc.6(@deepseek-ai/cordis@4.0.1))))(@deepseek-ai/dsh-scope@0.1.0-rc.6(@deepseek-ai/cordis@4.0.1)(@deepseek-ai/dsh-invariants@0.1.0-rc.6(@deepseek-ai/cordis@4.0.1)))
      '@deepseek-ai/dsh-tools':
        specifier: 0.1.2-rc.1
        version: 0.1.2-rc.1(ea4a45fadfe488256d1d660f347979d7)
      '@types/node':
        specifier: 24.10.1
        version: 24.10.1
      typescript:
        specifier: 5.9.3
        version: 5.9.3

packages:

  '@deepseek-ai/cordis@4.0.1':
    resolution: {integrity: sha512-YBdskTU2Po1kru3GgcUWUbkTsPMA9LkSQDAY8rBkFJeajdgcQad3QPJZE26JyK99Xb6HaASvoXg2DSUTeN/0Nw==}
    hasBin: true
    peerDependencies:
      '@deepseek-ai/cordis-plugin-include': ^1.0.6
      '@deepseek-ai/cordis-plugin-loader': ^1.0.2
    peerDependenciesMeta:
      '@deepseek-ai/cordis-plugin-include':
        optional: true
      '@deepseek-ai/cordis-plugin-loader':
        optional: true

  '@deepseek-ai/cosmokit@1.8.2':
    resolution: {integrity: sha512-muBOKtSrUKU5m/xpq8ZXWL6hQ/jgd4PhU2PqH97bcxIiLEJfNwZOGQEx4t/aS/GgxRAR+ra9pMHPMtTHU4sqqA==}

  '@deepseek-ai/cosmokit@1.8.3':
    resolution: {integrity: sha512-qBo+ronVM6Eu2WNVJXi8JcMiqZ19T9BRIpV+5qJUFPXjGH/Z0QKcQMC/IZJ7L394YTOtJgcovbk9qP0w2GsBXQ==}

  '@deepseek-ai/dsh-agent@0.1.2-rc.1':
    resolution: {integrity: sha512-lfaqN34vUCWvbn1kJVHrhfJ6Dvt1HDHCm33ZCpmKkl07/5q6FxWqVv6rOdVX5QnM/9xz/uYiN0nQwUtBg4+Skg==}
    peerDependencies:
      '@deepseek-ai/cordis': ^4.0.2
      '@deepseek-ai/dsh-invariants': ^0.1.2-rc.1
      '@deepseek-ai/dsh-llm': ^0.1.2-rc.1
      '@deepseek-ai/dsh-scope': ^0.1.2-rc.1
      '@deepseek-ai/dsh-session': ^0.1.2-rc.1
      '@deepseek-ai/dsh-session-projection': ^0.1.2-rc.1
      '@deepseek-ai/dsh-system-prompt': ^0.1.2-rc.1
      '@deepseek-ai/dsh-typert-protocol': ^0.1.2-rc.1

  '@deepseek-ai/dsh-attachment@0.1.0-rc.6':
    resolution: {integrity: sha512-3P6N17NQ8jqSQGzeCs+svCIqArU8oq0YmgEAo+axN9aVuUDferWU4DLRSX59UGpmyldX4LQn81toA+c+DqMcHg==}
    peerDependencies:
      '@deepseek-ai/cordis': ^4.0.1
      '@deepseek-ai/dsh-brand': ^0.1.0-rc.6
      '@deepseek-ai/dsh-invariants': ^0.1.0-rc.6

  '@deepseek-ai/dsh-bash-local@0.1.2-rc.1':
    resolution: {integrity: sha512-/3+AO2TSC5RUKzP0/UZuWhIdwUUd30fx35/eTn8+KlntD7gPgDRMIv1JfXVTxk2pCU3K1V9JX3XjdJ5dHpEObA==}
    peerDependencies:
      '@deepseek-ai/cordis': ^4.0.2
      '@deepseek-ai/dsh-settings': ^0.1.2-rc.1
      '@deepseek-ai/dsh-shell': ^0.1.2-rc.1
      '@deepseek-ai/dsh-subprocess': ^0.1.2-rc.1
      '@deepseek-ai/dsh-timeout': ^0.1.2-rc.1

  '@deepseek-ai/dsh-brand@0.1.2-rc.1':
    resolution: {integrity: sha512-y2RHIag3kzLdY8kTBuSUSTsKzWPscJrysNObXTiNM7stXLpa3jXpshsB1caqGzNx50vYcmHeN1gFVECgx3NZHg==}
    peerDependencies:
      '@deepseek-ai/cordis': ^4.0.2

  '@deepseek-ai/dsh-code-runtime@0.1.0-rc.6':
    resolution: {integrity: sha512-aw8D4IOeMo11A3uxQeE4LFoW3bvaQnVkGFqqtS+lsINDARrOCJHXLUgecoKpys+Lc5erZZ4UQDnymJmL4OCcKA==}
    peerDependencies:
      '@deepseek-ai/cordis': ^4.0.1
      '@deepseek-ai/dsh-invariants': ^0.1.0-rc.6

  '@deepseek-ai/dsh-invariants@0.1.0-rc.6':
    resolution: {integrity: sha512-WfEfOi99a4cpOugRAHTBSTnesLieu3ist1q9PXDXFBHX++K1rAl9+sB7YrdnbB8LH0UOY532gS9xJUYU6w0SLw==}
    peerDependencies:
      '@deepseek-ai/cordis': ^4.0.1

  '@deepseek-ai/dsh-llm@0.1.0-rc.6':
    resolution: {integrity: sha512-kuFGC8bHlzGTwlRxQhXjf3CYWl8M4NzH+EYIkrW8rri4iMc9W53xrdvkil5No/DUlMm8g1u7GdeiWYFy0TMvtA==}
    peerDependencies:
      '@deepseek-ai/cordis': ^4.0.1
      '@deepseek-ai/dsh-attachment': ^0.1.0-rc.6
      '@deepseek-ai/dsh-brand': ^0.1.0-rc.6
      '@deepseek-ai/dsh-invariants': ^0.1.0-rc.6
      '@deepseek-ai/dsh-timeout': ^0.1.0-rc.6

  '@deepseek-ai/dsh-sandbox-local@0.1.2-rc.1':
    resolution: {integrity: sha512-RLmSPqNivNg+Q+kmKbMuwwH13QTcT5TlJT8rRja/sDxaePS8btya7wWDRsjNDbSs1NjRRi3Plulvw9/BEs8ARw==}
    peerDependencies:
      '@deepseek-ai/cordis': ^4.0.2
      '@deepseek-ai/dsh-llm': ^0.1.2-rc.1
      '@deepseek-ai/dsh-sandbox': ^0.1.2-rc.1
      '@deepseek-ai/dsh-session': ^0.1.2-rc.1

  '@deepseek-ai/dsh-sandbox-policy@0.1.2-rc.1':
    resolution: {integrity: sha512-nLARL84X6K4DCUJsqRWINg3+1EVxsw70hbP+Yl92W/PsquQVs/UJQc55gnhYGmIMf6eJ0vQv39fziNSnAxdx5A==}
    peerDependencies:
      '@deepseek-ai/cordis': ^4.0.2
      '@deepseek-ai/dsh-agent': ^0.1.2-rc.1
      '@deepseek-ai/dsh-invariants': ^0.1.2-rc.1
      '@deepseek-ai/dsh-sandbox': ^0.1.2-rc.1
      '@deepseek-ai/dsh-session': ^0.1.2-rc.1
      '@deepseek-ai/dsh-session-projection': ^0.1.2-rc.1
      '@deepseek-ai/dsh-system-prompt': ^0.1.2-rc.1

  '@deepseek-ai/dsh-sandbox-windows-acl@0.1.2-rc.1':
    resolution: {integrity: sha512-BPaOnN86YDNzLywOCUHNFW9KbUXFZpVUbuU2Djmnnsi+tl/g3qyhOR0ROJDV1Jb5NMYDcw3c5E72Hi0fgCrIAA==}
    peerDependencies:
      '@deepseek-ai/cordis': ^4.0.2

  '@deepseek-ai/dsh-sandbox@0.1.2-rc.1':
    resolution: {integrity: sha512-nTO350NlVo9cvKzbeILcPIRIk9ijidrv29snRjTOx7kP5aO/BI2b4KxsRCYoXg8WGAMbIkGbsmZKUD4qz7hyXQ==}
    peerDependencies:
      '@deepseek-ai/cordis': ^4.0.2
      '@deepseek-ai/dsh-llm': ^0.1.2-rc.1
      '@deepseek-ai/dsh-session': ^0.1.2-rc.1

  '@deepseek-ai/dsh-scope@0.1.0-rc.6':
    resolution: {integrity: sha512-UlDLV4syLoJinNg9imhXrSAHrdaTa5Ff8gg46rzjFJGPUOhAk3DZff0hryT5OhrBi0A5Tj92qVpg2pRVvxnUzQ==}
    peerDependencies:
      '@deepseek-ai/cordis': ^4.0.1
      '@deepseek-ai/dsh-invariants': ^0.1.0-rc.6

  '@deepseek-ai/dsh-session-projection@0.1.2-rc.1':
    resolution: {integrity: sha512-qVWlIzPm4u9vzQ5G/QtE6jeSJ3b3b42hWVJj664BurEZlHbAfdqkhYc1QsoBU+5k5kUEJFHh07z8HxuXA9kTnQ==}
    peerDependencies:
      '@deepseek-ai/cordis': ^4.0.2
      '@deepseek-ai/dsh-session': ^0.1.2-rc.1

  '@deepseek-ai/dsh-session@0.1.0-rc.6':
    resolution: {integrity: sha512-8tu8I6VWC7050GAUXWhcEWQw4pakALQc8TlhKr52m7Y4+kIKeNt3FBgP86PaGPBtpK0p5zUPRQNkFpzZbBdxyw==}
    peerDependencies:
      '@deepseek-ai/cordis': ^4.0.1
      '@deepseek-ai/dsh-brand': ^0.1.0-rc.6
      '@deepseek-ai/dsh-invariants': ^0.1.0-rc.6
      '@deepseek-ai/dsh-llm': ^0.1.0-rc.6
      '@deepseek-ai/dsh-scope': ^0.1.0-rc.6
      '@deepseek-ai/dsh-typert-protocol': ^0.1.0-rc.6

  '@deepseek-ai/dsh-settings@0.1.0-rc.6':
    resolution: {integrity: sha512-5ZlH2FNRU0kkdcCoEJohvdb2fiNnxM+iZqN3icbR3WQbMm8RPRrXlZlps5YUaQKPRbNRHA2LkOXW998QRlhHcA==}
    peerDependencies:
      '@deepseek-ai/cordis': ^4.0.1
      '@deepseek-ai/dsh-brand': ^0.1.0-rc.6
      '@deepseek-ai/dsh-invariants': ^0.1.0-rc.6
      '@deepseek-ai/schemastery': ^3.18.1

  '@deepseek-ai/dsh-shell@0.1.2-rc.1':
    resolution: {integrity: sha512-uFrSY0nNKzh5orGl2B0B4RfK7wTdIlwhPQc7aLA44jyjioLlqhF7PUek/NWtye2scwp3YHOw158XeOQUD8qTFg==}
    peerDependencies:
      '@deepseek-ai/cordis': ^4.0.2
      '@deepseek-ai/dsh-sandbox': ^0.1.2-rc.1
      '@deepseek-ai/dsh-settings': ^0.1.2-rc.1
      '@deepseek-ai/dsh-subprocess': ^0.1.2-rc.1

  '@deepseek-ai/dsh-subprocess-local@0.1.2-rc.1':
    resolution: {integrity: sha512-Spc/IXWvjEteGysifGr6JvCokcH8T88z0mdxIGcu9SFdgDyY8HKR+h5yq73+rbo4RYzT7+TBE43TIZy5LfmzgQ==}
    peerDependencies:
      '@deepseek-ai/cordis': ^4.0.2
      '@deepseek-ai/dsh-subprocess': ^0.1.2-rc.1
      '@deepseek-ai/dsh-timeout': ^0.1.2-rc.1

  '@deepseek-ai/dsh-subprocess@0.1.0-rc.6':
    resolution: {integrity: sha512-nZaZRjSnE1he+GAd14vURAH7n3Fw5eGx3nzMbkB96Y6Qx+oQB/7PTuXxKVxlCh8TSfMJTf851ahwWb1eALjKlw==}
    peerDependencies:
      '@deepseek-ai/cordis': ^4.0.1
      '@deepseek-ai/dsh-invariants': ^0.1.0-rc.6

  '@deepseek-ai/dsh-system-prompt@0.1.2-rc.1':
    resolution: {integrity: sha512-7W93PZKIk4CHvjZGgLIxrrEKpk+6t8nQXje1vKR5vG73dfXH0t1MJ5WWH/fngadYc7c6KzM84ihQ66tJqJqyNQ==}
    peerDependencies:
      '@deepseek-ai/cordis': ^4.0.2
      '@deepseek-ai/dsh-invariants': ^0.1.2-rc.1
      '@deepseek-ai/dsh-llm': ^0.1.2-rc.1
      '@deepseek-ai/dsh-scope': ^0.1.2-rc.1

  '@deepseek-ai/dsh-timeout@0.1.0-rc.6':
    resolution: {integrity: sha512-CUean0fAnfsJVszFEip7PsU/S26W+JfDFfsza2dCtlw8n6xlkbHA9Gjxdk2aTwqDGCgXEPkRW7mYkdJ0n6FR7w==}
    peerDependencies:
      '@deepseek-ai/cordis': ^4.0.1
      '@deepseek-ai/dsh-invariants': ^0.1.0-rc.6

  '@deepseek-ai/dsh-tools@0.1.2-rc.1':
    resolution: {integrity: sha512-W9kUio00s7WbM8kEwniyd4hfb3CeUxVczsjXbOcKtakfiTywNLeyRWkpx2fvwRAH2rBfg3qCgczVfS0DOw1csg==}
    peerDependencies:
      '@deepseek-ai/cordis': ^4.0.2
      '@deepseek-ai/dsh-agent': ^0.1.2-rc.1
      '@deepseek-ai/dsh-code-runtime': ^0.1.2-rc.1
      '@deepseek-ai/dsh-invariants': ^0.1.2-rc.1
      '@deepseek-ai/dsh-llm': ^0.1.2-rc.1
      '@deepseek-ai/dsh-scope': ^0.1.2-rc.1
      '@deepseek-ai/dsh-session': ^0.1.2-rc.1
      '@deepseek-ai/dsh-system-prompt': ^0.1.2-rc.1
      '@deepseek-ai/dsh-user-approval': ^0.1.2-rc.1

  '@deepseek-ai/dsh-typert-protocol@0.1.0-rc.6':
    resolution: {integrity: sha512-weWzN8r01YCkoDCAM7BsKw2YhRrD4zL8N2SAZu9hovYtXSq8xHXsP4Zh8RLYIlYcuotjyff/6hic+0TJPd14YA==}
    peerDependencies:
      '@deepseek-ai/cordis': ^4.0.1
      '@deepseek-ai/dsh-invariants': ^0.1.0-rc.6

  '@deepseek-ai/dsh-user-approval@0.1.0-rc.6':
    resolution: {integrity: sha512-9rnkSDGOpu2XUeGwbPeTzVUTFWTND1PMPM5L/ZQPptV5yyZlQiNxM2rCC6OdL+ZVerwxEqrRhZIQn/KVtQfKag==}
    peerDependencies:
      '@deepseek-ai/cordis': ^4.0.1
      '@deepseek-ai/dsh-agent': ^0.1.0-rc.6
      '@deepseek-ai/dsh-brand': ^0.1.0-rc.6
      '@deepseek-ai/dsh-invariants': ^0.1.0-rc.6
      '@deepseek-ai/dsh-llm': ^0.1.0-rc.6
      '@deepseek-ai/dsh-scope': ^0.1.0-rc.6
      '@deepseek-ai/dsh-session': ^0.1.0-rc.6
      '@deepseek-ai/dsh-system-prompt': ^0.1.0-rc.6

  '@deepseek-ai/dsh-util-values@0.1.2-rc.1':
    resolution: {integrity: sha512-FQdgoK+KYVR0pBQb9fTsajvGb3gzUxEzJQEYnFOt+Qdwc4nkxJOPwJJdIvXuqvZaQ33DaOoqpnpcr2p5HpLu4g==}
    peerDependencies:
      '@deepseek-ai/cordis': ^4.0.2

  '@deepseek-ai/dsh-win32-process@0.1.2-rc.1':
    resolution: {integrity: sha512-egG88t1NDajO8YfjYQpHxBx0xR8CB/K+GTU9c0W1Tn8YX6GiFXqOZLiaCNj2mVIv7WnMShzZIX6bVkFrg5oTag==}
    peerDependencies:
      '@deepseek-ai/cordis': ^4.0.2

  '@deepseek-ai/node-addon-landlock-run-linux-arm64@0.1.1':
    resolution: {integrity: sha512-lYY2RbcPW4rGRM5hVJbrXlvLqyBxeJBjBqvt+QTHTU+GtfUVVjTODKa4e3CRwMQoCEpOjoARdQBHbN7HvE72WQ==}
    engines: {node: '>=20'}
    cpu: [arm64]
    os: [linux]

  '@deepseek-ai/node-addon-landlock-run-linux-x64@0.1.1':
    resolution: {integrity: sha512-OHAzPW2Coe/iYobAJAAA8CeVrBoKV4BnNHsgwvXwOfishxkUVSWSvdyxrZPiwYRXutpIGVrSo9zV3WOQy2euBA==}
    engines: {node: '>=20'}
    cpu: [x64]
    os: [linux]

  '@deepseek-ai/node-addon-landlock-run@0.1.1':
    resolution: {integrity: sha512-aHGhlQJEutfobKM/4K59SERbT7RmQdD2oMKzD8Bne/Ps7TeT8AweCN+dpdfuxQhMNbFcJMymrgPnID0WYQ30Tw==}
    engines: {node: '>=20'}

  '@deepseek-ai/schemastery@3.18.1':
    resolution: {integrity: sha512-Qn0FCSwCQnpnj6SB31I6i2sIKgKWnkbJM8O0EU91Gv2UsYVvtZTl6IA0sCwk2e2MZf5S8w5hpq9QkeVvK9qwxg==}

  '@deepseek-ai/schemastery@3.18.2':
    resolution: {integrity: sha512-njDtZsznjYxok7KLLlHOPyuv2efdWVbSflAHgztSfbMsg+CVraEoRe2DjOCgClYv3ZCSm7WXoaUkbB/+RY7tWQ==}

  '@koromix/koffi-darwin-arm64@3.1.4':
    resolution: {integrity: sha512-/9o0uahf25sNXz7CczfMAsgdHrrrkDK3/d1W5ygJUC7QnpWo80103yTYpYahWP3vTABK5yjzKtURgssv1paskA==}
    cpu: [arm64]
    os: [darwin]

  '@koromix/koffi-darwin-x64@3.1.4':
    resolution: {integrity: sha512-6IOhfAHbrySr6lYRU720Hg+IMQvtMpN08k9Ppf9WF8NxYRdHLnW1FJm7zCbClfrwudtjhS/piwDYwgAkO5u8cg==}
    cpu: [x64]
    os: [darwin]

  '@koromix/koffi-freebsd-arm64@3.1.4':
    resolution: {integrity: sha512-JKCWC0awdVvq7Nd/etn4PXFTa7uvyHn7IzqtaOZ3r4dJRdwQVby7Ai/wsQo8UUrJfAYlALkLYgFgU8wgsnAE/A==}
    cpu: [arm64]
    os: [freebsd]

  '@koromix/koffi-freebsd-ia32@3.1.4':
    resolution: {integrity: sha512-gU9pShDRLMZzftdGW+mTzyL8Cpa/7nzHPHe5vFakjGgtIzVFzdFBqwli4oB+tFsx44W1VqMMlvMMVlnz54ERiQ==}
    cpu: [ia32]
    os: [freebsd]

  '@koromix/koffi-freebsd-x64@3.1.4':
    resolution: {integrity: sha512-2kppLX97xBM3WoQET6noN4W02zT2fkFRXHYluAwcCcmkEax8AVJ1CYs6hxcZ3kaNPc+5P7yMw3V/b1lg2v3aMw==}
    cpu: [x64]
    os: [freebsd]

  '@koromix/koffi-linux-arm64@3.1.4':
    resolution: {integrity: sha512-yYbypuGVGqrNchkAMY59kj+7TZ1c1u9lXRG1+74X9T8G4rOaushoVONNYLuu+ygpbwsKzz/NvEDtRioRU/dQlQ==}
    cpu: [arm64]
    os: [linux]

  '@koromix/koffi-linux-ia32@3.1.4':
    resolution: {integrity: sha512-IoA/8Qfc6ZEmwMw2Nf4aSp9RfJnxh0UHhdqD4FsVXm0vC797kLMuzj744vv5tll+waVfjrU10jREqjtnMVFoQw==}
    cpu: [ia32]
    os: [linux]

  '@koromix/koffi-linux-loong64@3.1.4':
    resolution: {integrity: sha512-ZUTdea+9dg6CV9J9CIGbhTh0FtSBgvcGKqDrlp9BVQF71jEDKOri1by/TrDe8yQUyC5kzWN8vWnkzES5wT0xDg==}
    cpu: [loong64]
    os: [linux]

  '@koromix/koffi-linux-riscv64@3.1.4':
    resolution: {integrity: sha512-CINyyhNYV/8MX52MGhYcik2G6PXH+KEU2JEO7dOONlsGol4lSGyW40RvYA4RQgNYk8q8imGSEScL08X8eOXnaA==}
    cpu: [riscv64]
    os: [linux]

  '@koromix/koffi-linux-x64@3.1.4':
    resolution: {integrity: sha512-x3XnAy/tUTTCX/gMpV7VJNpOQIVQvzNhNYDrpyIeS9Q8/f1qLsE0vp0tj7A/YEDIfMVLqoJtyamfRJc04+vk4w==}
    cpu: [x64]
    os: [linux]

  '@koromix/koffi-openbsd-ia32@3.1.4':
    resolution: {integrity: sha512-r9p/fffvmBm7+iT5BZ+c17gZJ280jvmbinrPZqjG14rF9I4lk7xrlV79YfsexkeN4mcPjF2hSPtbMNFBoQU3Dw==}
    cpu: [ia32]
    os: [openbsd]

  '@koromix/koffi-openbsd-x64@3.1.4':
    resolution: {integrity: sha512-SNp5AxOzheC2YaWPu3Y86wxRHHWf6V9NMl5Ot5nu9OpnP61Yinzug7JwsCeXtcZZTbKLsfsWoT7y4n17UYpOVA==}
    cpu: [x64]
    os: [openbsd]

  '@koromix/koffi-win32-arm64@3.1.4':
    resolution: {integrity: sha512-oS8ETU35AelOD6DY7xmmz9qq26Xl38upXWiZbsdxbtH9UEIY0QpenQOuCK/0+q4CtfiLorRUlglGkO9YgPAIeA==}
    cpu: [arm64]
    os: [win32]

  '@koromix/koffi-win32-ia32@3.1.4':
    resolution: {integrity: sha512-zd7Qh8s4fzblD9zzuDf44XCbujYg3QrffhgcNJg79/YC6ABT2m0CUtX4yFic9EWm2ps8NPAM25kCTCXPpt3eaw==}
    cpu: [ia32]
    os: [win32]

  '@koromix/koffi-win32-x64@3.1.4':
    resolution: {integrity: sha512-BPeQXc1bRd0QBOklvsP+AjoRnUzKbPNE6rfx7VNxrebhh09MKld2ibstgKWn6ejQLEcfKEoUJ+WAWIhX4AOsIg==}
    cpu: [x64]
    os: [win32]

  '@standard-schema/spec@1.1.0':
    resolution: {integrity: sha512-l2aFy5jALhniG5HgqrD6jXLi/rUWrKvqN/qJx6yoJsgKhblVd+iqqU4RCXavm/jPityDo5TCvKMnpjKnOriy0w==}

  '@types/node@24.10.1':
    resolution: {integrity: sha512-GNWcUTRBgIRJD5zj+Tq0fKOJ5XZajIiBroOF0yvj2bSU1WvNdYS/dn9UxwsujGW4JX06dnHyjV2y9rRaybH0iQ==}

  koffi@3.1.4:
    resolution: {integrity: sha512-KHX39XIg7afe8ds+0MHPoLiKR9dCzsVK4oAmBUSaeJlcX0xur22f15C2DILbZ6GJ9eyqC+e6Sb1cTG7M17z+Tg==}
    deprecated: Unstable Windows builds

  node-addon-api@7.1.1:
    resolution: {integrity: sha512-5m3bsyrjFWE1xf7nz7YXdN4udnVtXK6/Yfgn5qnahL6bCkf2yKt4k3nuTKAtT4r3IG8JNR2ncsIMdZuAzJjHQQ==}

  node-pty@1.2.0-beta.15:
    resolution: {integrity: sha512-vORSzHXi4Ofl7HemVWpuudLqCPdaQb4LfpRCUpE5HPxhp4JYscl8zZwxh11p26v2wvW24WMwnMfLjhRLixrfxA==}

  typescript@5.9.3:
    resolution: {integrity: sha512-jl1vZzPDinLr9eUt3J/t7V6FgNEw9QjvBPdysz9KfQDD41fQrC2Y4vKQdiaUpFT4bXlb1RHhLpp8wtm6M5TgSw==}
    engines: {node: '>=14.17'}
    hasBin: true

  undici-types@7.16.0:
    resolution: {integrity: sha512-Zz+aZWSj8LE6zoxD+xrjh4VfkIG8Ya6LvYkZqtUQGJPZjYl53ypCaUwWqo7eI0x66KBGeRo+mlBEkMSeSZ38Nw==}

  zod@4.5.4:
    resolution: {integrity: sha512-sC95tT5iHHH9gtpj6A81kh+NEaRAUFN+qlUPDUbRfOMvNf5QCBqsb3WgvnpVtK5Y+4UfA6KqufotuTvMGiTlsA==}

snapshots:

  '@deepseek-ai/cordis@4.0.1':
    dependencies:
      '@deepseek-ai/cosmokit': 1.8.2
      '@standard-schema/spec': 1.1.0

  '@deepseek-ai/cosmokit@1.8.2': {}

  '@deepseek-ai/cosmokit@1.8.3': {}

  '@deepseek-ai/dsh-agent@0.1.2-rc.1(f5c32d5c5b5372dfd7304f3bc856ea93)':
    dependencies:
      '@deepseek-ai/cordis': 4.0.1
      '@deepseek-ai/dsh-invariants': 0.1.0-rc.6(@deepseek-ai/cordis@4.0.1)
      '@deepseek-ai/dsh-llm': 0.1.0-rc.6(@deepseek-ai/cordis@4.0.1)(@deepseek-ai/dsh-attachment@0.1.0-rc.6(@deepseek-ai/cordis@4.0.1)(@deepseek-ai/dsh-brand@0.1.2-rc.1(@deepseek-ai/cordis@4.0.1))(@deepseek-ai/dsh-invariants@0.1.0-rc.6(@deepseek-ai/cordis@4.0.1)))(@deepseek-ai/dsh-brand@0.1.2-rc.1(@deepseek-ai/cordis@4.0.1))(@deepseek-ai/dsh-invariants@0.1.0-rc.6(@deepseek-ai/cordis@4.0.1))(@deepseek-ai/dsh-timeout@0.1.0-rc.6(@deepseek-ai/cordis@4.0.1)(@deepseek-ai/dsh-invariants@0.1.0-rc.6(@deepseek-ai/cordis@4.0.1)))
      '@deepseek-ai/dsh-scope': 0.1.0-rc.6(@deepseek-ai/cordis@4.0.1)(@deepseek-ai/dsh-invariants@0.1.0-rc.6(@deepseek-ai/cordis@4.0.1))
      '@deepseek-ai/dsh-session': 0.1.0-rc.6(@deepseek-ai/cordis@4.0.1)(@deepseek-ai/dsh-brand@0.1.2-rc.1(@deepseek-ai/cordis@4.0.1))(@deepseek-ai/dsh-invariants@0.1.0-rc.6(@deepseek-ai/cordis@4.0.1))(@deepseek-ai/dsh-llm@0.1.0-rc.6(@deepseek-ai/cordis@4.0.1)(@deepseek-ai/dsh-attachment@0.1.0-rc.6(@deepseek-ai/cordis@4.0.1)(@deepseek-ai/dsh-brand@0.1.2-rc.1(@deepseek-ai/cordis@4.0.1))(@deepseek-ai/dsh-invariants@0.1.0-rc.6(@deepseek-ai/cordis@4.0.1)))(@deepseek-ai/dsh-brand@0.1.2-rc.1(@deepseek-ai/cordis@4.0.1))(@deepseek-ai/dsh-invariants@0.1.0-rc.6(@deepseek-ai/cordis@4.0.1))(@deepseek-ai/dsh-timeout@0.1.0-rc.6(@deepseek-ai/cordis@4.0.1)(@deepseek-ai/dsh-invariants@0.1.0-rc.6(@deepseek-ai/cordis@4.0.1))))(@deepseek-ai/dsh-scope@0.1.0-rc.6(@deepseek-ai/cordis@4.0.1)(@deepseek-ai/dsh-invariants@0.1.0-rc.6(@deepseek-ai/cordis@4.0.1)))(@deepseek-ai/dsh-typert-protocol@0.1.0-rc.6(@deepseek-ai/cordis@4.0.1)(@deepseek-ai/dsh-invariants@0.1.0-rc.6(@deepseek-ai/cordis@4.0.1)))
      '@deepseek-ai/dsh-session-projection': 0.1.2-rc.1(4b1688aa05307f23d0c39eba211656bd)
      '@deepseek-ai/dsh-system-prompt': 0.1.2-rc.1(@deepseek-ai/cordis@4.0.1)(@deepseek-ai/dsh-invariants@0.1.0-rc.6(@deepseek-ai/cordis@4.0.1))(@deepseek-ai/dsh-llm@0.1.0-rc.6(@deepseek-ai/cordis@4.0.1)(@deepseek-ai/dsh-attachment@0.1.0-rc.6(@deepseek-ai/cordis@4.0.1)(@deepseek-ai/dsh-brand@0.1.2-rc.1(@deepseek-ai/cordis@4.0.1))(@deepseek-ai/dsh-invariants@0.1.0-rc.6(@deepseek-ai/cordis@4.0.1)))(@deepseek-ai/dsh-brand@0.1.2-rc.1(@deepseek-ai/cordis@4.0.1))(@deepseek-ai/dsh-invariants@0.1.0-rc.6(@deepseek-ai/cordis@4.0.1))(@deepseek-ai/dsh-timeout@0.1.0-rc.6(@deepseek-ai/cordis@4.0.1)(@deepseek-ai/dsh-invariants@0.1.0-rc.6(@deepseek-ai/cordis@4.0.1))))(@deepseek-ai/dsh-scope@0.1.0-rc.6(@deepseek-ai/cordis@4.0.1)(@deepseek-ai/dsh-invariants@0.1.0-rc.6(@deepseek-ai/cordis@4.0.1)))
      '@deepseek-ai/dsh-typert-protocol': 0.1.0-rc.6(@deepseek-ai/cordis@4.0.1)(@deepseek-ai/dsh-invariants@0.1.0-rc.6(@deepseek-ai/cordis@4.0.1))

  '@deepseek-ai/dsh-attachment@0.1.0-rc.6(@deepseek-ai/cordis@4.0.1)(@deepseek-ai/dsh-brand@0.1.2-rc.1(@deepseek-ai/cordis@4.0.1))(@deepseek-ai/dsh-invariants@0.1.0-rc.6(@deepseek-ai/cordis@4.0.1))':
    dependencies:
      '@deepseek-ai/cordis': 4.0.1
      '@deepseek-ai/dsh-brand': 0.1.2-rc.1(@deepseek-ai/cordis@4.0.1)
      '@deepseek-ai/dsh-invariants': 0.1.0-rc.6(@deepseek-ai/cordis@4.0.1)

  '@deepseek-ai/dsh-bash-local@0.1.2-rc.1(8b17455a310a291e8487da8fd5408ce1)':
    dependencies:
      '@deepseek-ai/cordis': 4.0.1
      '@deepseek-ai/dsh-settings': 0.1.0-rc.6(@deepseek-ai/cordis@4.0.1)(@deepseek-ai/dsh-brand@0.1.2-rc.1(@deepseek-ai/cordis@4.0.1))(@deepseek-ai/dsh-invariants@0.1.0-rc.6(@deepseek-ai/cordis@4.0.1))(@deepseek-ai/schemastery@3.18.1)
      '@deepseek-ai/dsh-shell': 0.1.2-rc.1(@deepseek-ai/cordis@4.0.1)(@deepseek-ai/dsh-sandbox@0.1.2-rc.1(65d566360c4b02d1273c3b22f24b0977))(@deepseek-ai/dsh-settings@0.1.0-rc.6(@deepseek-ai/cordis@4.0.1)(@deepseek-ai/dsh-brand@0.1.2-rc.1(@deepseek-ai/cordis@4.0.1))(@deepseek-ai/dsh-invariants@0.1.0-rc.6(@deepseek-ai/cordis@4.0.1))(@deepseek-ai/schemastery@3.18.1))(@deepseek-ai/dsh-subprocess@0.1.0-rc.6(@deepseek-ai/cordis@4.0.1)(@deepseek-ai/dsh-invariants@0.1.0-rc.6(@deepseek-ai/cordis@4.0.1)))
      '@deepseek-ai/dsh-subprocess': 0.1.0-rc.6(@deepseek-ai/cordis@4.0.1)(@deepseek-ai/dsh-invariants@0.1.0-rc.6(@deepseek-ai/cordis@4.0.1))
      '@deepseek-ai/dsh-timeout': 0.1.0-rc.6(@deepseek-ai/cordis@4.0.1)(@deepseek-ai/dsh-invariants@0.1.0-rc.6(@deepseek-ai/cordis@4.0.1))
      '@deepseek-ai/schemastery': 3.18.2

  '@deepseek-ai/dsh-brand@0.1.2-rc.1(@deepseek-ai/cordis@4.0.1)':
    dependencies:
      '@deepseek-ai/cordis': 4.0.1

  '@deepseek-ai/dsh-code-runtime@0.1.0-rc.6(@deepseek-ai/cordis@4.0.1)(@deepseek-ai/dsh-invariants@0.1.0-rc.6(@deepseek-ai/cordis@4.0.1))':
    dependencies:
      '@deepseek-ai/cordis': 4.0.1
      '@deepseek-ai/dsh-invariants': 0.1.0-rc.6(@deepseek-ai/cordis@4.0.1)

  '@deepseek-ai/dsh-invariants@0.1.0-rc.6(@deepseek-ai/cordis@4.0.1)':
    dependencies:
      '@deepseek-ai/cordis': 4.0.1
      '@deepseek-ai/schemastery': 3.18.1

  '@deepseek-ai/dsh-llm@0.1.0-rc.6(@deepseek-ai/cordis@4.0.1)(@deepseek-ai/dsh-attachment@0.1.0-rc.6(@deepseek-ai/cordis@4.0.1)(@deepseek-ai/dsh-brand@0.1.2-rc.1(@deepseek-ai/cordis@4.0.1))(@deepseek-ai/dsh-invariants@0.1.0-rc.6(@deepseek-ai/cordis@4.0.1)))(@deepseek-ai/dsh-brand@0.1.2-rc.1(@deepseek-ai/cordis@4.0.1))(@deepseek-ai/dsh-invariants@0.1.0-rc.6(@deepseek-ai/cordis@4.0.1))(@deepseek-ai/dsh-timeout@0.1.0-rc.6(@deepseek-ai/cordis@4.0.1)(@deepseek-ai/dsh-invariants@0.1.0-rc.6(@deepseek-ai/cordis@4.0.1)))':
    dependencies:
      '@deepseek-ai/cordis': 4.0.1
      '@deepseek-ai/dsh-attachment': 0.1.0-rc.6(@deepseek-ai/cordis@4.0.1)(@deepseek-ai/dsh-brand@0.1.2-rc.1(@deepseek-ai/cordis@4.0.1))(@deepseek-ai/dsh-invariants@0.1.0-rc.6(@deepseek-ai/cordis@4.0.1))
      '@deepseek-ai/dsh-brand': 0.1.2-rc.1(@deepseek-ai/cordis@4.0.1)
      '@deepseek-ai/dsh-invariants': 0.1.0-rc.6(@deepseek-ai/cordis@4.0.1)
      '@deepseek-ai/dsh-timeout': 0.1.0-rc.6(@deepseek-ai/cordis@4.0.1)(@deepseek-ai/dsh-invariants@0.1.0-rc.6(@deepseek-ai/cordis@4.0.1))
      '@deepseek-ai/schemastery': 3.18.1

  '@deepseek-ai/dsh-sandbox-local@0.1.2-rc.1(b1c373b43d2f0cef910653359d6c28d1)':
    dependencies:
      '@deepseek-ai/cordis': 4.0.1
      '@deepseek-ai/dsh-llm': 0.1.0-rc.6(@deepseek-ai/cordis@4.0.1)(@deepseek-ai/dsh-attachment@0.1.0-rc.6(@deepseek-ai/cordis@4.0.1)(@deepseek-ai/dsh-brand@0.1.2-rc.1(@deepseek-ai/cordis@4.0.1))(@deepseek-ai/dsh-invariants@0.1.0-rc.6(@deepseek-ai/cordis@4.0.1)))(@deepseek-ai/dsh-brand@0.1.2-rc.1(@deepseek-ai/cordis@4.0.1))(@deepseek-ai/dsh-invariants@0.1.0-rc.6(@deepseek-ai/cordis@4.0.1))(@deepseek-ai/dsh-timeout@0.1.0-rc.6(@deepseek-ai/cordis@4.0.1)(@deepseek-ai/dsh-invariants@0.1.0-rc.6(@deepseek-ai/cordis@4.0.1)))
      '@deepseek-ai/dsh-sandbox': 0.1.2-rc.1(65d566360c4b02d1273c3b22f24b0977)
      '@deepseek-ai/dsh-sandbox-windows-acl': 0.1.2-rc.1(@deepseek-ai/cordis@4.0.1)
      '@deepseek-ai/dsh-session': 0.1.0-rc.6(@deepseek-ai/cordis@4.0.1)(@deepseek-ai/dsh-brand@0.1.2-rc.1(@deepseek-ai/cordis@4.0.1))(@deepseek-ai/dsh-invariants@0.1.0-rc.6(@deepseek-ai/cordis@4.0.1))(@deepseek-ai/dsh-llm@0.1.0-rc.6(@deepseek-ai/cordis@4.0.1)(@deepseek-ai/dsh-attachment@0.1.0-rc.6(@deepseek-ai/cordis@4.0.1)(@deepseek-ai/dsh-brand@0.1.2-rc.1(@deepseek-ai/cordis@4.0.1))(@deepseek-ai/dsh-invariants@0.1.0-rc.6(@deepseek-ai/cordis@4.0.1)))(@deepseek-ai/dsh-brand@0.1.2-rc.1(@deepseek-ai/cordis@4.0.1))(@deepseek-ai/dsh-invariants@0.1.0-rc.6(@deepseek-ai/cordis@4.0.1))(@deepseek-ai/dsh-timeout@0.1.0-rc.6(@deepseek-ai/cordis@4.0.1)(@deepseek-ai/dsh-invariants@0.1.0-rc.6(@deepseek-ai/cordis@4.0.1))))(@deepseek-ai/dsh-scope@0.1.0-rc.6(@deepseek-ai/cordis@4.0.1)(@deepseek-ai/dsh-invariants@0.1.0-rc.6(@deepseek-ai/cordis@4.0.1)))(@deepseek-ai/dsh-typert-protocol@0.1.0-rc.6(@deepseek-ai/cordis@4.0.1)(@deepseek-ai/dsh-invariants@0.1.0-rc.6(@deepseek-ai/cordis@4.0.1)))
      '@deepseek-ai/dsh-util-values': 0.1.2-rc.1(@deepseek-ai/cordis@4.0.1)
      '@deepseek-ai/node-addon-landlock-run': 0.1.1
      '@deepseek-ai/schemastery': 3.18.2

  '@deepseek-ai/dsh-sandbox-policy@0.1.2-rc.1(8909db948376221f7b8d231fd9f1bb6a)':
    dependencies:
      '@deepseek-ai/cordis': 4.0.1
      '@deepseek-ai/dsh-agent': 0.1.2-rc.1(f5c32d5c5b5372dfd7304f3bc856ea93)
      '@deepseek-ai/dsh-invariants': 0.1.0-rc.6(@deepseek-ai/cordis@4.0.1)
      '@deepseek-ai/dsh-sandbox': 0.1.2-rc.1(65d566360c4b02d1273c3b22f24b0977)
      '@deepseek-ai/dsh-session': 0.1.0-rc.6(@deepseek-ai/cordis@4.0.1)(@deepseek-ai/dsh-brand@0.1.2-rc.1(@deepseek-ai/cordis@4.0.1))(@deepseek-ai/dsh-invariants@0.1.0-rc.6(@deepseek-ai/cordis@4.0.1))(@deepseek-ai/dsh-llm@0.1.0-rc.6(@deepseek-ai/cordis@4.0.1)(@deepseek-ai/dsh-attachment@0.1.0-rc.6(@deepseek-ai/cordis@4.0.1)(@deepseek-ai/dsh-brand@0.1.2-rc.1(@deepseek-ai/cordis@4.0.1))(@deepseek-ai/dsh-invariants@0.1.0-rc.6(@deepseek-ai/cordis@4.0.1)))(@deepseek-ai/dsh-brand@0.1.2-rc.1(@deepseek-ai/cordis@4.0.1))(@deepseek-ai/dsh-invariants@0.1.0-rc.6(@deepseek-ai/cordis@4.0.1))(@deepseek-ai/dsh-timeout@0.1.0-rc.6(@deepseek-ai/cordis@4.0.1)(@deepseek-ai/dsh-invariants@0.1.0-rc.6(@deepseek-ai/cordis@4.0.1))))(@deepseek-ai/dsh-scope@0.1.0-rc.6(@deepseek-ai/cordis@4.0.1)(@deepseek-ai/dsh-invariants@0.1.0-rc.6(@deepseek-ai/cordis@4.0.1)))(@deepseek-ai/dsh-typert-protocol@0.1.0-rc.6(@deepseek-ai/cordis@4.0.1)(@deepseek-ai/dsh-invariants@0.1.0-rc.6(@deepseek-ai/cordis@4.0.1)))
      '@deepseek-ai/dsh-session-projection': 0.1.2-rc.1(4b1688aa05307f23d0c39eba211656bd)
      '@deepseek-ai/dsh-system-prompt': 0.1.2-rc.1(@deepseek-ai/cordis@4.0.1)(@deepseek-ai/dsh-invariants@0.1.0-rc.6(@deepseek-ai/cordis@4.0.1))(@deepseek-ai/dsh-llm@0.1.0-rc.6(@deepseek-ai/cordis@4.0.1)(@deepseek-ai/dsh-attachment@0.1.0-rc.6(@deepseek-ai/cordis@4.0.1)(@deepseek-ai/dsh-brand@0.1.2-rc.1(@deepseek-ai/cordis@4.0.1))(@deepseek-ai/dsh-invariants@0.1.0-rc.6(@deepseek-ai/cordis@4.0.1)))(@deepseek-ai/dsh-brand@0.1.2-rc.1(@deepseek-ai/cordis@4.0.1))(@deepseek-ai/dsh-invariants@0.1.0-rc.6(@deepseek-ai/cordis@4.0.1))(@deepseek-ai/dsh-timeout@0.1.0-rc.6(@deepseek-ai/cordis@4.0.1)(@deepseek-ai/dsh-invariants@0.1.0-rc.6(@deepseek-ai/cordis@4.0.1))))(@deepseek-ai/dsh-scope@0.1.0-rc.6(@deepseek-ai/cordis@4.0.1)(@deepseek-ai/dsh-invariants@0.1.0-rc.6(@deepseek-ai/cordis@4.0.1)))
      '@deepseek-ai/schemastery': 3.18.2
      zod: 4.5.4

  '@deepseek-ai/dsh-sandbox-windows-acl@0.1.2-rc.1(@deepseek-ai/cordis@4.0.1)':
    dependencies:
      '@deepseek-ai/cordis': 4.0.1
      '@deepseek-ai/dsh-win32-process': 0.1.2-rc.1(@deepseek-ai/cordis@4.0.1)
      koffi: 3.1.4

  '@deepseek-ai/dsh-sandbox@0.1.2-rc.1(65d566360c4b02d1273c3b22f24b0977)':
    dependencies:
      '@deepseek-ai/cordis': 4.0.1
      '@deepseek-ai/dsh-llm': 0.1.0-rc.6(@deepseek-ai/cordis@4.0.1)(@deepseek-ai/dsh-attachment@0.1.0-rc.6(@deepseek-ai/cordis@4.0.1)(@deepseek-ai/dsh-brand@0.1.2-rc.1(@deepseek-ai/cordis@4.0.1))(@deepseek-ai/dsh-invariants@0.1.0-rc.6(@deepseek-ai/cordis@4.0.1)))(@deepseek-ai/dsh-brand@0.1.2-rc.1(@deepseek-ai/cordis@4.0.1))(@deepseek-ai/dsh-invariants@0.1.0-rc.6(@deepseek-ai/cordis@4.0.1))(@deepseek-ai/dsh-timeout@0.1.0-rc.6(@deepseek-ai/cordis@4.0.1)(@deepseek-ai/dsh-invariants@0.1.0-rc.6(@deepseek-ai/cordis@4.0.1)))
      '@deepseek-ai/dsh-session': 0.1.0-rc.6(@deepseek-ai/cordis@4.0.1)(@deepseek-ai/dsh-brand@0.1.2-rc.1(@deepseek-ai/cordis@4.0.1))(@deepseek-ai/dsh-invariants@0.1.0-rc.6(@deepseek-ai/cordis@4.0.1))(@deepseek-ai/dsh-llm@0.1.0-rc.6(@deepseek-ai/cordis@4.0.1)(@deepseek-ai/dsh-attachment@0.1.0-rc.6(@deepseek-ai/cordis@4.0.1)(@deepseek-ai/dsh-brand@0.1.2-rc.1(@deepseek-ai/cordis@4.0.1))(@deepseek-ai/dsh-invariants@0.1.0-rc.6(@deepseek-ai/cordis@4.0.1)))(@deepseek-ai/dsh-brand@0.1.2-rc.1(@deepseek-ai/cordis@4.0.1))(@deepseek-ai/dsh-invariants@0.1.0-rc.6(@deepseek-ai/cordis@4.0.1))(@deepseek-ai/dsh-timeout@0.1.0-rc.6(@deepseek-ai/cordis@4.0.1)(@deepseek-ai/dsh-invariants@0.1.0-rc.6(@deepseek-ai/cordis@4.0.1))))(@deepseek-ai/dsh-scope@0.1.0-rc.6(@deepseek-ai/cordis@4.0.1)(@deepseek-ai/dsh-invariants@0.1.0-rc.6(@deepseek-ai/cordis@4.0.1)))(@deepseek-ai/dsh-typert-protocol@0.1.0-rc.6(@deepseek-ai/cordis@4.0.1)(@deepseek-ai/dsh-invariants@0.1.0-rc.6(@deepseek-ai/cordis@4.0.1)))
      '@deepseek-ai/dsh-util-values': 0.1.2-rc.1(@deepseek-ai/cordis@4.0.1)

  '@deepseek-ai/dsh-scope@0.1.0-rc.6(@deepseek-ai/cordis@4.0.1)(@deepseek-ai/dsh-invariants@0.1.0-rc.6(@deepseek-ai/cordis@4.0.1))':
    dependencies:
      '@deepseek-ai/cordis': 4.0.1
      '@deepseek-ai/dsh-invariants': 0.1.0-rc.6(@deepseek-ai/cordis@4.0.1)

  '@deepseek-ai/dsh-session-projection@0.1.2-rc.1(4b1688aa05307f23d0c39eba211656bd)':
    dependencies:
      '@deepseek-ai/cordis': 4.0.1
      '@deepseek-ai/dsh-session': 0.1.0-rc.6(@deepseek-ai/cordis@4.0.1)(@deepseek-ai/dsh-brand@0.1.2-rc.1(@deepseek-ai/cordis@4.0.1))(@deepseek-ai/dsh-invariants@0.1.0-rc.6(@deepseek-ai/cordis@4.0.1))(@deepseek-ai/dsh-llm@0.1.0-rc.6(@deepseek-ai/cordis@4.0.1)(@deepseek-ai/dsh-attachment@0.1.0-rc.6(@deepseek-ai/cordis@4.0.1)(@deepseek-ai/dsh-brand@0.1.2-rc.1(@deepseek-ai/cordis@4.0.1))(@deepseek-ai/dsh-invariants@0.1.0-rc.6(@deepseek-ai/cordis@4.0.1)))(@deepseek-ai/dsh-brand@0.1.2-rc.1(@deepseek-ai/cordis@4.0.1))(@deepseek-ai/dsh-invariants@0.1.0-rc.6(@deepseek-ai/cordis@4.0.1))(@deepseek-ai/dsh-timeout@0.1.0-rc.6(@deepseek-ai/cordis@4.0.1)(@deepseek-ai/dsh-invariants@0.1.0-rc.6(@deepseek-ai/cordis@4.0.1))))(@deepseek-ai/dsh-scope@0.1.0-rc.6(@deepseek-ai/cordis@4.0.1)(@deepseek-ai/dsh-invariants@0.1.0-rc.6(@deepseek-ai/cordis@4.0.1)))(@deepseek-ai/dsh-typert-protocol@0.1.0-rc.6(@deepseek-ai/cordis@4.0.1)(@deepseek-ai/dsh-invariants@0.1.0-rc.6(@deepseek-ai/cordis@4.0.1)))
      zod: 4.5.4

  '@deepseek-ai/dsh-session@0.1.0-rc.6(@deepseek-ai/cordis@4.0.1)(@deepseek-ai/dsh-brand@0.1.2-rc.1(@deepseek-ai/cordis@4.0.1))(@deepseek-ai/dsh-invariants@0.1.0-rc.6(@deepseek-ai/cordis@4.0.1))(@deepseek-ai/dsh-llm@0.1.0-rc.6(@deepseek-ai/cordis@4.0.1)(@deepseek-ai/dsh-attachment@0.1.0-rc.6(@deepseek-ai/cordis@4.0.1)(@deepseek-ai/dsh-brand@0.1.2-rc.1(@deepseek-ai/cordis@4.0.1))(@deepseek-ai/dsh-invariants@0.1.0-rc.6(@deepseek-ai/cordis@4.0.1)))(@deepseek-ai/dsh-brand@0.1.2-rc.1(@deepseek-ai/cordis@4.0.1))(@deepseek-ai/dsh-invariants@0.1.0-rc.6(@deepseek-ai/cordis@4.0.1))(@deepseek-ai/dsh-timeout@0.1.0-rc.6(@deepseek-ai/cordis@4.0.1)(@deepseek-ai/dsh-invariants@0.1.0-rc.6(@deepseek-ai/cordis@4.0.1))))(@deepseek-ai/dsh-scope@0.1.0-rc.6(@deepseek-ai/cordis@4.0.1)(@deepseek-ai/dsh-invariants@0.1.0-rc.6(@deepseek-ai/cordis@4.0.1)))(@deepseek-ai/dsh-typert-protocol@0.1.0-rc.6(@deepseek-ai/cordis@4.0.1)(@deepseek-ai/dsh-invariants@0.1.0-rc.6(@deepseek-ai/cordis@4.0.1)))':
    dependencies:
      '@deepseek-ai/cordis': 4.0.1
      '@deepseek-ai/dsh-brand': 0.1.2-rc.1(@deepseek-ai/cordis@4.0.1)
      '@deepseek-ai/dsh-invariants': 0.1.0-rc.6(@deepseek-ai/cordis@4.0.1)
      '@deepseek-ai/dsh-llm': 0.1.0-rc.6(@deepseek-ai/cordis@4.0.1)(@deepseek-ai/dsh-attachment@0.1.0-rc.6(@deepseek-ai/cordis@4.0.1)(@deepseek-ai/dsh-brand@0.1.2-rc.1(@deepseek-ai/cordis@4.0.1))(@deepseek-ai/dsh-invariants@0.1.0-rc.6(@deepseek-ai/cordis@4.0.1)))(@deepseek-ai/dsh-brand@0.1.2-rc.1(@deepseek-ai/cordis@4.0.1))(@deepseek-ai/dsh-invariants@0.1.0-rc.6(@deepseek-ai/cordis@4.0.1))(@deepseek-ai/dsh-timeout@0.1.0-rc.6(@deepseek-ai/cordis@4.0.1)(@deepseek-ai/dsh-invariants@0.1.0-rc.6(@deepseek-ai/cordis@4.0.1)))
      '@deepseek-ai/dsh-scope': 0.1.0-rc.6(@deepseek-ai/cordis@4.0.1)(@deepseek-ai/dsh-invariants@0.1.0-rc.6(@deepseek-ai/cordis@4.0.1))
      '@deepseek-ai/dsh-typert-protocol': 0.1.0-rc.6(@deepseek-ai/cordis@4.0.1)(@deepseek-ai/dsh-invariants@0.1.0-rc.6(@deepseek-ai/cordis@4.0.1))

  '@deepseek-ai/dsh-settings@0.1.0-rc.6(@deepseek-ai/cordis@4.0.1)(@deepseek-ai/dsh-brand@0.1.2-rc.1(@deepseek-ai/cordis@4.0.1))(@deepseek-ai/dsh-invariants@0.1.0-rc.6(@deepseek-ai/cordis@4.0.1))(@deepseek-ai/schemastery@3.18.1)':
    dependencies:
      '@deepseek-ai/cordis': 4.0.1
      '@deepseek-ai/dsh-brand': 0.1.2-rc.1(@deepseek-ai/cordis@4.0.1)
      '@deepseek-ai/dsh-invariants': 0.1.0-rc.6(@deepseek-ai/cordis@4.0.1)
      '@deepseek-ai/schemastery': 3.18.1

  '@deepseek-ai/dsh-shell@0.1.2-rc.1(@deepseek-ai/cordis@4.0.1)(@deepseek-ai/dsh-sandbox@0.1.2-rc.1(65d566360c4b02d1273c3b22f24b0977))(@deepseek-ai/dsh-settings@0.1.0-rc.6(@deepseek-ai/cordis@4.0.1)(@deepseek-ai/dsh-brand@0.1.2-rc.1(@deepseek-ai/cordis@4.0.1))(@deepseek-ai/dsh-invariants@0.1.0-rc.6(@deepseek-ai/cordis@4.0.1))(@deepseek-ai/schemastery@3.18.1))(@deepseek-ai/dsh-subprocess@0.1.0-rc.6(@deepseek-ai/cordis@4.0.1)(@deepseek-ai/dsh-invariants@0.1.0-rc.6(@deepseek-ai/cordis@4.0.1)))':
    dependencies:
      '@deepseek-ai/cordis': 4.0.1
      '@deepseek-ai/dsh-sandbox': 0.1.2-rc.1(65d566360c4b02d1273c3b22f24b0977)
      '@deepseek-ai/dsh-settings': 0.1.0-rc.6(@deepseek-ai/cordis@4.0.1)(@deepseek-ai/dsh-brand@0.1.2-rc.1(@deepseek-ai/cordis@4.0.1))(@deepseek-ai/dsh-invariants@0.1.0-rc.6(@deepseek-ai/cordis@4.0.1))(@deepseek-ai/schemastery@3.18.1)
      '@deepseek-ai/dsh-subprocess': 0.1.0-rc.6(@deepseek-ai/cordis@4.0.1)(@deepseek-ai/dsh-invariants@0.1.0-rc.6(@deepseek-ai/cordis@4.0.1))

  '@deepseek-ai/dsh-subprocess-local@0.1.2-rc.1(@deepseek-ai/cordis@4.0.1)(@deepseek-ai/dsh-subprocess@0.1.0-rc.6(@deepseek-ai/cordis@4.0.1)(@deepseek-ai/dsh-invariants@0.1.0-rc.6(@deepseek-ai/cordis@4.0.1)))(@deepseek-ai/dsh-timeout@0.1.0-rc.6(@deepseek-ai/cordis@4.0.1)(@deepseek-ai/dsh-invariants@0.1.0-rc.6(@deepseek-ai/cordis@4.0.1)))':
    dependencies:
      '@deepseek-ai/cordis': 4.0.1
      '@deepseek-ai/dsh-subprocess': 0.1.0-rc.6(@deepseek-ai/cordis@4.0.1)(@deepseek-ai/dsh-invariants@0.1.0-rc.6(@deepseek-ai/cordis@4.0.1))
      '@deepseek-ai/dsh-timeout': 0.1.0-rc.6(@deepseek-ai/cordis@4.0.1)(@deepseek-ai/dsh-invariants@0.1.0-rc.6(@deepseek-ai/cordis@4.0.1))
      koffi: 3.1.4
      node-pty: 1.2.0-beta.15

  '@deepseek-ai/dsh-subprocess@0.1.0-rc.6(@deepseek-ai/cordis@4.0.1)(@deepseek-ai/dsh-invariants@0.1.0-rc.6(@deepseek-ai/cordis@4.0.1))':
    dependencies:
      '@deepseek-ai/cordis': 4.0.1
      '@deepseek-ai/dsh-invariants': 0.1.0-rc.6(@deepseek-ai/cordis@4.0.1)

  '@deepseek-ai/dsh-system-prompt@0.1.2-rc.1(@deepseek-ai/cordis@4.0.1)(@deepseek-ai/dsh-invariants@0.1.0-rc.6(@deepseek-ai/cordis@4.0.1))(@deepseek-ai/dsh-llm@0.1.0-rc.6(@deepseek-ai/cordis@4.0.1)(@deepseek-ai/dsh-attachment@0.1.0-rc.6(@deepseek-ai/cordis@4.0.1)(@deepseek-ai/dsh-brand@0.1.2-rc.1(@deepseek-ai/cordis@4.0.1))(@deepseek-ai/dsh-invariants@0.1.0-rc.6(@deepseek-ai/cordis@4.0.1)))(@deepseek-ai/dsh-brand@0.1.2-rc.1(@deepseek-ai/cordis@4.0.1))(@deepseek-ai/dsh-invariants@0.1.0-rc.6(@deepseek-ai/cordis@4.0.1))(@deepseek-ai/dsh-timeout@0.1.0-rc.6(@deepseek-ai/cordis@4.0.1)(@deepseek-ai/dsh-invariants@0.1.0-rc.6(@deepseek-ai/cordis@4.0.1))))(@deepseek-ai/dsh-scope@0.1.0-rc.6(@deepseek-ai/cordis@4.0.1)(@deepseek-ai/dsh-invariants@0.1.0-rc.6(@deepseek-ai/cordis@4.0.1)))':
    dependencies:
      '@deepseek-ai/cordis': 4.0.1
      '@deepseek-ai/dsh-invariants': 0.1.0-rc.6(@deepseek-ai/cordis@4.0.1)
      '@deepseek-ai/dsh-llm': 0.1.0-rc.6(@deepseek-ai/cordis@4.0.1)(@deepseek-ai/dsh-attachment@0.1.0-rc.6(@deepseek-ai/cordis@4.0.1)(@deepseek-ai/dsh-brand@0.1.2-rc.1(@deepseek-ai/cordis@4.0.1))(@deepseek-ai/dsh-invariants@0.1.0-rc.6(@deepseek-ai/cordis@4.0.1)))(@deepseek-ai/dsh-brand@0.1.2-rc.1(@deepseek-ai/cordis@4.0.1))(@deepseek-ai/dsh-invariants@0.1.0-rc.6(@deepseek-ai/cordis@4.0.1))(@deepseek-ai/dsh-timeout@0.1.0-rc.6(@deepseek-ai/cordis@4.0.1)(@deepseek-ai/dsh-invariants@0.1.0-rc.6(@deepseek-ai/cordis@4.0.1)))
      '@deepseek-ai/dsh-scope': 0.1.0-rc.6(@deepseek-ai/cordis@4.0.1)(@deepseek-ai/dsh-invariants@0.1.0-rc.6(@deepseek-ai/cordis@4.0.1))
      '@deepseek-ai/schemastery': 3.18.2

  '@deepseek-ai/dsh-timeout@0.1.0-rc.6(@deepseek-ai/cordis@4.0.1)(@deepseek-ai/dsh-invariants@0.1.0-rc.6(@deepseek-ai/cordis@4.0.1))':
    dependencies:
      '@deepseek-ai/cordis': 4.0.1
      '@deepseek-ai/dsh-invariants': 0.1.0-rc.6(@deepseek-ai/cordis@4.0.1)

  '@deepseek-ai/dsh-tools@0.1.2-rc.1(ea4a45fadfe488256d1d660f347979d7)':
    dependencies:
      '@deepseek-ai/cordis': 4.0.1
      '@deepseek-ai/dsh-agent': 0.1.2-rc.1(f5c32d5c5b5372dfd7304f3bc856ea93)
      '@deepseek-ai/dsh-brand': 0.1.2-rc.1(@deepseek-ai/cordis@4.0.1)
      '@deepseek-ai/dsh-code-runtime': 0.1.0-rc.6(@deepseek-ai/cordis@4.0.1)(@deepseek-ai/dsh-invariants@0.1.0-rc.6(@deepseek-ai/cordis@4.0.1))
      '@deepseek-ai/dsh-invariants': 0.1.0-rc.6(@deepseek-ai/cordis@4.0.1)
      '@deepseek-ai/dsh-llm': 0.1.0-rc.6(@deepseek-ai/cordis@4.0.1)(@deepseek-ai/dsh-attachment@0.1.0-rc.6(@deepseek-ai/cordis@4.0.1)(@deepseek-ai/dsh-brand@0.1.2-rc.1(@deepseek-ai/cordis@4.0.1))(@deepseek-ai/dsh-invariants@0.1.0-rc.6(@deepseek-ai/cordis@4.0.1)))(@deepseek-ai/dsh-brand@0.1.2-rc.1(@deepseek-ai/cordis@4.0.1))(@deepseek-ai/dsh-invariants@0.1.0-rc.6(@deepseek-ai/cordis@4.0.1))(@deepseek-ai/dsh-timeout@0.1.0-rc.6(@deepseek-ai/cordis@4.0.1)(@deepseek-ai/dsh-invariants@0.1.0-rc.6(@deepseek-ai/cordis@4.0.1)))
      '@deepseek-ai/dsh-scope': 0.1.0-rc.6(@deepseek-ai/cordis@4.0.1)(@deepseek-ai/dsh-invariants@0.1.0-rc.6(@deepseek-ai/cordis@4.0.1))
      '@deepseek-ai/dsh-session': 0.1.0-rc.6(@deepseek-ai/cordis@4.0.1)(@deepseek-ai/dsh-brand@0.1.2-rc.1(@deepseek-ai/cordis@4.0.1))(@deepseek-ai/dsh-invariants@0.1.0-rc.6(@deepseek-ai/cordis@4.0.1))(@deepseek-ai/dsh-llm@0.1.0-rc.6(@deepseek-ai/cordis@4.0.1)(@deepseek-ai/dsh-attachment@0.1.0-rc.6(@deepseek-ai/cordis@4.0.1)(@deepseek-ai/dsh-brand@0.1.2-rc.1(@deepseek-ai/cordis@4.0.1))(@deepseek-ai/dsh-invariants@0.1.0-rc.6(@deepseek-ai/cordis@4.0.1)))(@deepseek-ai/dsh-brand@0.1.2-rc.1(@deepseek-ai/cordis@4.0.1))(@deepseek-ai/dsh-invariants@0.1.0-rc.6(@deepseek-ai/cordis@4.0.1))(@deepseek-ai/dsh-timeout@0.1.0-rc.6(@deepseek-ai/cordis@4.0.1)(@deepseek-ai/dsh-invariants@0.1.0-rc.6(@deepseek-ai/cordis@4.0.1))))(@deepseek-ai/dsh-scope@0.1.0-rc.6(@deepseek-ai/cordis@4.0.1)(@deepseek-ai/dsh-invariants@0.1.0-rc.6(@deepseek-ai/cordis@4.0.1)))(@deepseek-ai/dsh-typert-protocol@0.1.0-rc.6(@deepseek-ai/cordis@4.0.1)(@deepseek-ai/dsh-invariants@0.1.0-rc.6(@deepseek-ai/cordis@4.0.1)))
      '@deepseek-ai/dsh-system-prompt': 0.1.2-rc.1(@deepseek-ai/cordis@4.0.1)(@deepseek-ai/dsh-invariants@0.1.0-rc.6(@deepseek-ai/cordis@4.0.1))(@deepseek-ai/dsh-llm@0.1.0-rc.6(@deepseek-ai/cordis@4.0.1)(@deepseek-ai/dsh-attachment@0.1.0-rc.6(@deepseek-ai/cordis@4.0.1)(@deepseek-ai/dsh-brand@0.1.2-rc.1(@deepseek-ai/cordis@4.0.1))(@deepseek-ai/dsh-invariants@0.1.0-rc.6(@deepseek-ai/cordis@4.0.1)))(@deepseek-ai/dsh-brand@0.1.2-rc.1(@deepseek-ai/cordis@4.0.1))(@deepseek-ai/dsh-invariants@0.1.0-rc.6(@deepseek-ai/cordis@4.0.1))(@deepseek-ai/dsh-timeout@0.1.0-rc.6(@deepseek-ai/cordis@4.0.1)(@deepseek-ai/dsh-invariants@0.1.0-rc.6(@deepseek-ai/cordis@4.0.1))))(@deepseek-ai/dsh-scope@0.1.0-rc.6(@deepseek-ai/cordis@4.0.1)(@deepseek-ai/dsh-invariants@0.1.0-rc.6(@deepseek-ai/cordis@4.0.1)))
      '@deepseek-ai/dsh-user-approval': 0.1.0-rc.6(27af4780552d90078ec35dd2d04f75b8)
      '@deepseek-ai/dsh-util-values': 0.1.2-rc.1(@deepseek-ai/cordis@4.0.1)
      '@deepseek-ai/schemastery': 3.18.2

  '@deepseek-ai/dsh-typert-protocol@0.1.0-rc.6(@deepseek-ai/cordis@4.0.1)(@deepseek-ai/dsh-invariants@0.1.0-rc.6(@deepseek-ai/cordis@4.0.1))':
    dependencies:
      '@deepseek-ai/cordis': 4.0.1
      '@deepseek-ai/dsh-invariants': 0.1.0-rc.6(@deepseek-ai/cordis@4.0.1)

  '@deepseek-ai/dsh-user-approval@0.1.0-rc.6(27af4780552d90078ec35dd2d04f75b8)':
    dependencies:
      '@deepseek-ai/cordis': 4.0.1
      '@deepseek-ai/dsh-agent': 0.1.2-rc.1(f5c32d5c5b5372dfd7304f3bc856ea93)
      '@deepseek-ai/dsh-brand': 0.1.2-rc.1(@deepseek-ai/cordis@4.0.1)
      '@deepseek-ai/dsh-invariants': 0.1.0-rc.6(@deepseek-ai/cordis@4.0.1)
      '@deepseek-ai/dsh-llm': 0.1.0-rc.6(@deepseek-ai/cordis@4.0.1)(@deepseek-ai/dsh-attachment@0.1.0-rc.6(@deepseek-ai/cordis@4.0.1)(@deepseek-ai/dsh-brand@0.1.2-rc.1(@deepseek-ai/cordis@4.0.1))(@deepseek-ai/dsh-invariants@0.1.0-rc.6(@deepseek-ai/cordis@4.0.1)))(@deepseek-ai/dsh-brand@0.1.2-rc.1(@deepseek-ai/cordis@4.0.1))(@deepseek-ai/dsh-invariants@0.1.0-rc.6(@deepseek-ai/cordis@4.0.1))(@deepseek-ai/dsh-timeout@0.1.0-rc.6(@deepseek-ai/cordis@4.0.1)(@deepseek-ai/dsh-invariants@0.1.0-rc.6(@deepseek-ai/cordis@4.0.1)))
      '@deepseek-ai/dsh-scope': 0.1.0-rc.6(@deepseek-ai/cordis@4.0.1)(@deepseek-ai/dsh-invariants@0.1.0-rc.6(@deepseek-ai/cordis@4.0.1))
      '@deepseek-ai/dsh-session': 0.1.0-rc.6(@deepseek-ai/cordis@4.0.1)(@deepseek-ai/dsh-brand@0.1.2-rc.1(@deepseek-ai/cordis@4.0.1))(@deepseek-ai/dsh-invariants@0.1.0-rc.6(@deepseek-ai/cordis@4.0.1))(@deepseek-ai/dsh-llm@0.1.0-rc.6(@deepseek-ai/cordis@4.0.1)(@deepseek-ai/dsh-attachment@0.1.0-rc.6(@deepseek-ai/cordis@4.0.1)(@deepseek-ai/dsh-brand@0.1.2-rc.1(@deepseek-ai/cordis@4.0.1))(@deepseek-ai/dsh-invariants@0.1.0-rc.6(@deepseek-ai/cordis@4.0.1)))(@deepseek-ai/dsh-brand@0.1.2-rc.1(@deepseek-ai/cordis@4.0.1))(@deepseek-ai/dsh-invariants@0.1.0-rc.6(@deepseek-ai/cordis@4.0.1))(@deepseek-ai/dsh-timeout@0.1.0-rc.6(@deepseek-ai/cordis@4.0.1)(@deepseek-ai/dsh-invariants@0.1.0-rc.6(@deepseek-ai/cordis@4.0.1))))(@deepseek-ai/dsh-scope@0.1.0-rc.6(@deepseek-ai/cordis@4.0.1)(@deepseek-ai/dsh-invariants@0.1.0-rc.6(@deepseek-ai/cordis@4.0.1)))(@deepseek-ai/dsh-typert-protocol@0.1.0-rc.6(@deepseek-ai/cordis@4.0.1)(@deepseek-ai/dsh-invariants@0.1.0-rc.6(@deepseek-ai/cordis@4.0.1)))
      '@deepseek-ai/dsh-system-prompt': 0.1.2-rc.1(@deepseek-ai/cordis@4.0.1)(@deepseek-ai/dsh-invariants@0.1.0-rc.6(@deepseek-ai/cordis@4.0.1))(@deepseek-ai/dsh-llm@0.1.0-rc.6(@deepseek-ai/cordis@4.0.1)(@deepseek-ai/dsh-attachment@0.1.0-rc.6(@deepseek-ai/cordis@4.0.1)(@deepseek-ai/dsh-brand@0.1.2-rc.1(@deepseek-ai/cordis@4.0.1))(@deepseek-ai/dsh-invariants@0.1.0-rc.6(@deepseek-ai/cordis@4.0.1)))(@deepseek-ai/dsh-brand@0.1.2-rc.1(@deepseek-ai/cordis@4.0.1))(@deepseek-ai/dsh-invariants@0.1.0-rc.6(@deepseek-ai/cordis@4.0.1))(@deepseek-ai/dsh-timeout@0.1.0-rc.6(@deepseek-ai/cordis@4.0.1)(@deepseek-ai/dsh-invariants@0.1.0-rc.6(@deepseek-ai/cordis@4.0.1))))(@deepseek-ai/dsh-scope@0.1.0-rc.6(@deepseek-ai/cordis@4.0.1)(@deepseek-ai/dsh-invariants@0.1.0-rc.6(@deepseek-ai/cordis@4.0.1)))
      '@deepseek-ai/schemastery': 3.18.1

  '@deepseek-ai/dsh-util-values@0.1.2-rc.1(@deepseek-ai/cordis@4.0.1)':
    dependencies:
      '@deepseek-ai/cordis': 4.0.1

  '@deepseek-ai/dsh-win32-process@0.1.2-rc.1(@deepseek-ai/cordis@4.0.1)':
    dependencies:
      '@deepseek-ai/cordis': 4.0.1
      koffi: 3.1.4

  '@deepseek-ai/node-addon-landlock-run-linux-arm64@0.1.1':
    optional: true

  '@deepseek-ai/node-addon-landlock-run-linux-x64@0.1.1':
    optional: true

  '@deepseek-ai/node-addon-landlock-run@0.1.1':
    optionalDependencies:
      '@deepseek-ai/node-addon-landlock-run-linux-arm64': 0.1.1
      '@deepseek-ai/node-addon-landlock-run-linux-x64': 0.1.1

  '@deepseek-ai/schemastery@3.18.1':
    dependencies:
      '@deepseek-ai/cosmokit': 1.8.2
      '@standard-schema/spec': 1.1.0

  '@deepseek-ai/schemastery@3.18.2':
    dependencies:
      '@deepseek-ai/cosmokit': 1.8.3
      '@standard-schema/spec': 1.1.0

  '@koromix/koffi-darwin-arm64@3.1.4':
    optional: true

  '@koromix/koffi-darwin-x64@3.1.4':
    optional: true

  '@koromix/koffi-freebsd-arm64@3.1.4':
    optional: true

  '@koromix/koffi-freebsd-ia32@3.1.4':
    optional: true

  '@koromix/koffi-freebsd-x64@3.1.4':
    optional: true

  '@koromix/koffi-linux-arm64@3.1.4':
    optional: true

  '@koromix/koffi-linux-ia32@3.1.4':
    optional: true

  '@koromix/koffi-linux-loong64@3.1.4':
    optional: true

  '@koromix/koffi-linux-riscv64@3.1.4':
    optional: true

  '@koromix/koffi-linux-x64@3.1.4':
    optional: true

  '@koromix/koffi-openbsd-ia32@3.1.4':
    optional: true

  '@koromix/koffi-openbsd-x64@3.1.4':
    optional: true

  '@koromix/koffi-win32-arm64@3.1.4':
    optional: true

  '@koromix/koffi-win32-ia32@3.1.4':
    optional: true

  '@koromix/koffi-win32-x64@3.1.4':
    optional: true

  '@standard-schema/spec@1.1.0': {}

  '@types/node@24.10.1':
    dependencies:
      undici-types: 7.16.0

  koffi@3.1.4:
    optionalDependencies:
      '@koromix/koffi-darwin-arm64': 3.1.4
      '@koromix/koffi-darwin-x64': 3.1.4
      '@koromix/koffi-freebsd-arm64': 3.1.4
      '@koromix/koffi-freebsd-ia32': 3.1.4
      '@koromix/koffi-freebsd-x64': 3.1.4
      '@koromix/koffi-linux-arm64': 3.1.4
      '@koromix/koffi-linux-ia32': 3.1.4
      '@koromix/koffi-linux-loong64': 3.1.4
      '@koromix/koffi-linux-riscv64': 3.1.4
      '@koromix/koffi-linux-x64': 3.1.4
      '@koromix/koffi-openbsd-ia32': 3.1.4
      '@koromix/koffi-openbsd-x64': 3.1.4
      '@koromix/koffi-win32-arm64': 3.1.4
      '@koromix/koffi-win32-ia32': 3.1.4
      '@koromix/koffi-win32-x64': 3.1.4

  node-addon-api@7.1.1: {}

  node-pty@1.2.0-beta.15:
    dependencies:
      node-addon-api: 7.1.1

  typescript@5.9.3: {}

  undici-types@7.16.0: {}

  zod@4.5.4: {}
